
Microsoft Visual Studio Solution File, Format Version 12.00
# Visual Studio Version 17
VisualStudioVersion = 17.14.36429.23
MinimumVisualStudioVersion = 10.0.40219.1
Project("{FAE04EC0-301F-11D3-BF4B-00C04F79EFBC}") = "Calculator", "Calculator\Calculator.csproj", "{6E3AF849-8956-49B6-9438-ED6D39B0535F}"
EndProject
Project("{FAE04EC0-301F-11D3-BF4B-00C04F79EFBC}") = "ToDoList", "ToDoList\ToDoList.csproj", "{AE04DFFB-2DBF-4F0B-8A18-3C05C1E3E0E9}"
EndProject
Project("{FAE04EC0-301F-11D3-BF4B-00C04F79EFBC}") = "DiceRollGame", "DiceRollGame\DiceRollGame.csproj", "{1DF538F3-6824-47C1-84D3-706C0B36213F}"
EndProject
Project("{FAE04EC0-301F-11D3-BF4B-00C04F79EFBC}") = "CookieCookbook", "CookieCookbook\CookieCookbook.csproj", "{C6E7648D-B5A1-470A-8E6F-EB37A03C09DC}"
EndProject
Project("{FAE04EC0-301F-11D3-BF4B-00C04F79EFBC}") = "StringsProcessing", "StringsProcessing\StringsProcessing.csproj", "{CFFB4C07-132D-465F-81BC-6F1E614FB0CF}"
EndProject
Project("{FAE04EC0-301F-11D3-BF4B-00C04F79EFBC}") = "GameDataParser", "GameDataParser\GameDataParser.csproj", "{EA811747-C9E0-45E7-B241-5C2EC3F7F4AB}"
EndProject
Project("{FAE04EC0-301F-11D3-BF4B-00C04F79EFBC}") = "CustomCache", "Caching\CustomCache.csproj", "{90B9162C-EAD4-4941-8F87-AFF7759D31E6}"
EndProject
Project("{FAE04EC0-301F-11D3-BF4B-00C04F79EFBC}") = "CookieCookbookCourse", "CookieCookbookCourse\CookieCookbookCourse.csproj", "{99F7404D-F302-1AC5-BC8D-BDD3AEE6F06D}"
EndProject
Global
	GlobalSection(SolutionConfigurationPlatforms) = preSolution
		Debug|Any CPU = Debug|Any CPU
		Release|Any CPU = Release|Any CPU
	EndGlobalSection
	GlobalSection(ProjectConfigurationPlatforms) = postSolution
		{6E3AF849-8956-49B6-9438-ED6D39B0535F}.Debug|Any CPU.ActiveCfg = Debug|Any CPU
		{6E3AF849-8956-49B6-9438-ED6D39B0535F}.Debug|Any CPU.Build.0 = Debug|Any CPU
		{6E3AF849-8956-49B6-9438-ED6D39B0535F}.Release|Any CPU.ActiveCfg = Release|Any CPU
		{6E3AF849-8956-49B6-9438-ED6D39B0535F}.Release|Any CPU.Build.0 = Release|Any CPU
		{AE04DFFB-2DBF-4F0B-8A18-3C05C1E3E0E9}.Debug|Any CPU.ActiveCfg = Debug|Any CPU
		{AE04DFFB-2DBF-4F0B-8A18-3C05C1E3E0E9}.Debug|Any CPU.Build.0 = Debug|Any CPU
		{AE04DFFB-2DBF-4F0B-8A18-3C05C1E3E0E9}.Release|Any CPU.ActiveCfg = Release|Any CPU
		{AE04DFFB-2DBF-4F0B-8A18-3C05C1E3E0E9}.Release|Any CPU.Build.0 = Release|Any CPU
		{1DF538F3-6824-47C1-84D3-706C0B36213F}.Debug|Any CPU.ActiveCfg = Debug|Any CPU
		{1DF538F3-6824-47C1-84D3-706C0B36213F}.Debug|Any CPU.Build.0 = Debug|Any CPU
		{1DF538F3-6824-47C1-84D3-706C0B36213F}.Release|Any CPU.ActiveCfg = Release|Any CPU
		{1DF538F3-6824-47C1-84D3-706C0B36213F}.Release|Any CPU.Build.0 = Release|Any CPU
		{C6E7648D-B5A1-470A-8E6F-EB37A03C09DC}.Debug|Any CPU.ActiveCfg = Debug|Any CPU
		{C6E7648D-B5A1-470A-8E6F-EB37A03C09DC}.Debug|Any CPU.Build.0 = Debug|Any CPU
		{C6E7648D-B5A1-470A-8E6F-EB37A03C09DC}.Release|Any CPU.ActiveCfg = Release|Any CPU
		{C6E7648D-B5A1-470A-8E6F-EB37A03C09DC}.Release|Any CPU.Build.0 = Release|Any CPU
		{CFFB4C07-132D-465F-81BC-6F1E614FB0CF}.Debug|Any CPU.ActiveCfg = Debug|Any CPU
		{CFFB4C07-132D-465F-81BC-6F1E614FB0CF}.Debug|Any CPU.Build.0 = Debug|Any CPU
		{CFFB4C07-132D-465F-81BC-6F1E614FB0CF}.Release|Any CPU.ActiveCfg = Release|Any CPU
		{CFFB4C07-132D-465F-81BC-6F1E614FB0CF}.Release|Any CPU.Build.0 = Release|Any CPU
		{EA811747-C9E0-45E7-B241-5C2EC3F7F4AB}.Debug|Any CPU.ActiveCfg = Debug|Any CPU
		{EA811747-C9E0-45E7-B241-5C2EC3F7F4AB}.Debug|Any CPU.Build.0 = Debug|Any CPU
		{EA811747-C9E0-45E7-B241-5C2EC3F7F4AB}.Release|Any CPU.ActiveCfg = Release|Any CPU
		{EA811747-C9E0-45E7-B241-5C2EC3F7F4AB}.Release|Any CPU.Build.0 = Release|Any CPU
		{90B9162C-EAD4-4941-8F87-AFF7759D31E6}.Debug|Any CPU.ActiveCfg = Debug|Any CPU
		{90B9162C-EAD4-4941-8F87-AFF7759D31E6}.Debug|Any CPU.Build.0 = Debug|Any CPU
		{90B9162C-EAD4-4941-8F87-AFF7759D31E6}.Release|Any CPU.ActiveCfg = Release|Any CPU
		{90B9162C-EAD4-4941-8F87-AFF7759D31E6}.Release|Any CPU.Build.0 = Release|Any CPU
		{99F7404D-F302-1AC5-BC8D-BDD3AEE6F06D}.Debug|Any CPU.ActiveCfg = Debug|Any CPU
		{99F7404D-F302-1AC5-BC8D-BDD3AEE6F06D}.Debug|Any CPU.Build.0 = Debug|Any CPU
		{99F7404D-F302-1AC5-BC8D-BDD3AEE6F06D}.Release|Any CPU.ActiveCfg = Release|Any CPU
		{99F7404D-F302-1AC5-BC8D-BDD3AEE6F06D}.Release|Any CPU.Build.0 = Release|Any CPU
	EndGlobalSection
	GlobalSection(SolutionProperties) = preSolution
		HideSolutionNode = FALSE
	EndGlobalSection
	GlobalSection(ExtensibilityGlobals) = postSolution
		SolutionGuid = {3565E72A-EBCF-4D3F-B548-2169BE7A6304}
	EndGlobalSection
EndGlobal
